
Microsoft Visual Studio Solution File, Format Version 12.00
# Visual Studio 15
VisualStudioVersion = 15.0.27703.2026
MinimumVisualStudioVersion = 10.0.40219.1
Project("{FAE04EC0-301F-11D3-BF4B-00C04F79EFBC}") = "Vidly2", "Vidly2\Vidly2.csproj", "{8448CAD0-640D-4444-A10F-E82818DAF6E8}"
EndProject
Global
	GlobalSection(SolutionConfigurationPlatforms) = preSolution
		Debug|Any CPU = Debug|Any CPU
		Release|Any CPU = Release|Any CPU
	EndGlobalSection
	GlobalSection(ProjectConfigurationPlatforms) = postSolution
		{8448CAD0-640D-4444-A10F-E82818DAF6E8}.Debug|Any CPU.ActiveCfg = Debug|Any CPU
		{8448CAD0-640D-4444-A10F-E82818DAF6E8}.Debug|Any CPU.Build.0 = Debug|Any CPU
		{8448CAD0-640D-4444-A10F-E82818DAF6E8}.Release|Any CPU.ActiveCfg = Release|Any CPU
		{8448CAD0-640D-4444-A10F-E82818DAF6E8}.Release|Any CPU.Build.0 = Release|Any CPU
	EndGlobalSection
	GlobalSection(SolutionProperties) = preSolution
		HideSolutionNode = FALSE
	EndGlobalSection
	GlobalSection(ExtensibilityGlobals) = postSolution
		SolutionGuid = {EA835F6B-D4EA-464C-808E-03F39834D25E}
	EndGlobalSection
EndGlobal
